
Microsoft Visual Studio Solution File, Format Version 12.00
# Visual Studio Version 16
VisualStudioVersion = 16.0.30914.41
MinimumVisualStudioVersion = 10.0.40219.1
Project("{9A19103F-16F7-4668-BE54-9A1E7A4F7556}") = "BgTaskComponent", "BgTaskComponent\BgTaskComponent.csproj", "{00E03194-1F8A-403C-ACAA-12A645A0743D}"
EndProject
Project("{9A19103F-16F7-4668-BE54-9A1E7A4F7556}") = "WpfApp", "WpfApp\WpfApp.csproj", "{A2774EB7-088F-46BE-88C9-5CF405AD095A}"
EndProject
Project("{C7167F0D-BC9F-4E6E-AFE1-012C56B48DB5}") = "WpfApp.Package", "WpfApp.Package\WpfApp.Package.wapproj", "{3A91AA17-32F6-4241-8BBA-7EC6F1C58438}"
EndProject
Project("{2150E333-8FDC-42A3-9474-1A3956D46DE8}") = "Solution Items", "Solution Items", "{FE035673-DE44-486A-9D82-91B6A4C02509}"
	ProjectSection(SolutionItems) = preProject
		Directory.Build.props = Directory.Build.props
		Directory.Build.targets = Directory.Build.targets
	EndProjectSection
EndProject
Global
	GlobalSection(SolutionConfigurationPlatforms) = preSolution
		Debug|Any CPU = Debug|Any CPU
		Debug|ARM = Debug|ARM
		Debug|ARM64 = Debug|ARM64
		Debug|x64 = Debug|x64
		Debug|x86 = Debug|x86
		Release|Any CPU = Release|Any CPU
		Release|ARM = Release|ARM
		Release|ARM64 = Release|ARM64
		Release|x64 = Release|x64
		Release|x86 = Release|x86
	EndGlobalSection
	GlobalSection(ProjectConfigurationPlatforms) = postSolution
		{00E03194-1F8A-403C-ACAA-12A645A0743D}.Debug|Any CPU.ActiveCfg = Debug|Any CPU
		{00E03194-1F8A-403C-ACAA-12A645A0743D}.Debug|Any CPU.Build.0 = Debug|Any CPU
		{00E03194-1F8A-403C-ACAA-12A645A0743D}.Debug|ARM.ActiveCfg = Debug|Any CPU
		{00E03194-1F8A-403C-ACAA-12A645A0743D}.Debug|ARM.Build.0 = Debug|Any CPU
		{00E03194-1F8A-403C-ACAA-12A645A0743D}.Debug|ARM64.ActiveCfg = Debug|Any CPU
		{00E03194-1F8A-403C-ACAA-12A645A0743D}.Debug|ARM64.Build.0 = Debug|Any CPU
		{00E03194-1F8A-403C-ACAA-12A645A0743D}.Debug|x64.ActiveCfg = Debug|x64
		{00E03194-1F8A-403C-ACAA-12A645A0743D}.Debug|x64.Build.0 = Debug|x64
		{00E03194-1F8A-403C-ACAA-12A645A0743D}.Debug|x86.ActiveCfg = Debug|Any CPU
		{00E03194-1F8A-403C-ACAA-12A645A0743D}.Debug|x86.Build.0 = Debug|Any CPU
		{00E03194-1F8A-403C-ACAA-12A645A0743D}.Release|Any CPU.ActiveCfg = Release|Any CPU
		{00E03194-1F8A-403C-ACAA-12A645A0743D}.Release|Any CPU.Build.0 = Release|Any CPU
		{00E03194-1F8A-403C-ACAA-12A645A0743D}.Release|ARM.ActiveCfg = Release|Any CPU
		{00E03194-1F8A-403C-ACAA-12A645A0743D}.Release|ARM.Build.0 = Release|Any CPU
		{00E03194-1F8A-403C-ACAA-12A645A0743D}.Release|ARM64.ActiveCfg = Release|Any CPU
		{00E03194-1F8A-403C-ACAA-12A645A0743D}.Release|ARM64.Build.0 = Release|Any CPU
		{00E03194-1F8A-403C-ACAA-12A645A0743D}.Release|x64.ActiveCfg = Release|Any CPU
		{00E03194-1F8A-403C-ACAA-12A645A0743D}.Release|x64.Build.0 = Release|Any CPU
		{00E03194-1F8A-403C-ACAA-12A645A0743D}.Release|x86.ActiveCfg = Release|Any CPU
		{00E03194-1F8A-403C-ACAA-12A645A0743D}.Release|x86.Build.0 = Release|Any CPU
		{A2774EB7-088F-46BE-88C9-5CF405AD095A}.Debug|Any CPU.ActiveCfg = Debug|Any CPU
		{A2774EB7-088F-46BE-88C9-5CF405AD095A}.Debug|Any CPU.Build.0 = Debug|Any CPU
		{A2774EB7-088F-46BE-88C9-5CF405AD095A}.Debug|ARM.ActiveCfg = Debug|Any CPU
		{A2774EB7-088F-46BE-88C9-5CF405AD095A}.Debug|ARM.Build.0 = Debug|Any CPU
		{A2774EB7-088F-46BE-88C9-5CF405AD095A}.Debug|ARM64.ActiveCfg = Debug|Any CPU
		{A2774EB7-088F-46BE-88C9-5CF405AD095A}.Debug|ARM64.Build.0 = Debug|Any CPU
		{A2774EB7-088F-46BE-88C9-5CF405AD095A}.Debug|x64.ActiveCfg = Debug|x64
		{A2774EB7-088F-46BE-88C9-5CF405AD095A}.Debug|x64.Build.0 = Debug|x64
		{A2774EB7-088F-46BE-88C9-5CF405AD095A}.Debug|x86.ActiveCfg = Debug|Any CPU
		{A2774EB7-088F-46BE-88C9-5CF405AD095A}.Debug|x86.Build.0 = Debug|Any CPU
		{A2774EB7-088F-46BE-88C9-5CF405AD095A}.Release|Any CPU.ActiveCfg = Release|Any CPU
		{A2774EB7-088F-46BE-88C9-5CF405AD095A}.Release|Any CPU.Build.0 = Release|Any CPU
		{A2774EB7-088F-46BE-88C9-5CF405AD095A}.Release|ARM.ActiveCfg = Release|Any CPU
		{A2774EB7-088F-46BE-88C9-5CF405AD095A}.Release|ARM.Build.0 = Release|Any CPU
		{A2774EB7-088F-46BE-88C9-5CF405AD095A}.Release|ARM64.ActiveCfg = Release|Any CPU
		{A2774EB7-088F-46BE-88C9-5CF405AD095A}.Release|ARM64.Build.0 = Release|Any CPU
		{A2774EB7-088F-46BE-88C9-5CF405AD095A}.Release|x64.ActiveCfg = Release|Any CPU
		{A2774EB7-088F-46BE-88C9-5CF405AD095A}.Release|x64.Build.0 = Release|Any CPU
		{A2774EB7-088F-46BE-88C9-5CF405AD095A}.Release|x86.ActiveCfg = Release|Any CPU
		{A2774EB7-088F-46BE-88C9-5CF405AD095A}.Release|x86.Build.0 = Release|Any CPU
		{3A91AA17-32F6-4241-8BBA-7EC6F1C58438}.Debug|Any CPU.ActiveCfg = Debug|Any CPU
		{3A91AA17-32F6-4241-8BBA-7EC6F1C58438}.Debug|Any CPU.Build.0 = Debug|Any CPU
		{3A91AA17-32F6-4241-8BBA-7EC6F1C58438}.Debug|Any CPU.Deploy.0 = Debug|Any CPU
		{3A91AA17-32F6-4241-8BBA-7EC6F1C58438}.Debug|ARM.ActiveCfg = Debug|ARM
		{3A91AA17-32F6-4241-8BBA-7EC6F1C58438}.Debug|ARM.Build.0 = Debug|ARM
		{3A91AA17-32F6-4241-8BBA-7EC6F1C58438}.Debug|ARM.Deploy.0 = Debug|ARM
		{3A91AA17-32F6-4241-8BBA-7EC6F1C58438}.Debug|ARM64.ActiveCfg = Debug|ARM64
		{3A91AA17-32F6-4241-8BBA-7EC6F1C58438}.Debug|ARM64.Build.0 = Debug|ARM64
		{3A91AA17-32F6-4241-8BBA-7EC6F1C58438}.Debug|ARM64.Deploy.0 = Debug|ARM64
		{3A91AA17-32F6-4241-8BBA-7EC6F1C58438}.Debug|x64.ActiveCfg = Debug|x64
		{3A91AA17-32F6-4241-8BBA-7EC6F1C58438}.Debug|x64.Build.0 = Debug|x64
		{3A91AA17-32F6-4241-8BBA-7EC6F1C58438}.Debug|x64.Deploy.0 = Debug|x64
		{3A91AA17-32F6-4241-8BBA-7EC6F1C58438}.Debug|x86.ActiveCfg = Debug|x86
		{3A91AA17-32F6-4241-8BBA-7EC6F1C58438}.Debug|x86.Build.0 = Debug|x86
		{3A91AA17-32F6-4241-8BBA-7EC6F1C58438}.Debug|x86.Deploy.0 = Debug|x86
		{3A91AA17-32F6-4241-8BBA-7EC6F1C58438}.Release|Any CPU.ActiveCfg = Release|Any CPU
		{3A91AA17-32F6-4241-8BBA-7EC6F1C58438}.Release|Any CPU.Build.0 = Release|Any CPU
		{3A91AA17-32F6-4241-8BBA-7EC6F1C58438}.Release|Any CPU.Deploy.0 = Release|Any CPU
		{3A91AA17-32F6-4241-8BBA-7EC6F1C58438}.Release|ARM.ActiveCfg = Release|ARM
		{3A91AA17-32F6-4241-8BBA-7EC6F1C58438}.Release|ARM.Build.0 = Release|ARM
		{3A91AA17-32F6-4241-8BBA-7EC6F1C58438}.Release|ARM.Deploy.0 = Release|ARM
		{3A91AA17-32F6-4241-8BBA-7EC6F1C58438}.Release|ARM64.ActiveCfg = Release|ARM64
		{3A91AA17-32F6-4241-8BBA-7EC6F1C58438}.Release|ARM64.Build.0 = Release|ARM64
		{3A91AA17-32F6-4241-8BBA-7EC6F1C58438}.Release|ARM64.Deploy.0 = Release|ARM64
		{3A91AA17-32F6-4241-8BBA-7EC6F1C58438}.Release|x64.ActiveCfg = Release|x64
		{3A91AA17-32F6-4241-8BBA-7EC6F1C58438}.Release|x64.Build.0 = Release|x64
		{3A91AA17-32F6-4241-8BBA-7EC6F1C58438}.Release|x64.Deploy.0 = Release|x64
		{3A91AA17-32F6-4241-8BBA-7EC6F1C58438}.Release|x86.ActiveCfg = Release|x86
		{3A91AA17-32F6-4241-8BBA-7EC6F1C58438}.Release|x86.Build.0 = Release|x86
		{3A91AA17-32F6-4241-8BBA-7EC6F1C58438}.Release|x86.Deploy.0 = Release|x86
	EndGlobalSection
	GlobalSection(SolutionProperties) = preSolution
		HideSolutionNode = FALSE
	EndGlobalSection
	GlobalSection(ExtensibilityGlobals) = postSolution
		SolutionGuid = {5EFAFB7A-987F-443A-AE18-62811333AE68}
	EndGlobalSection
EndGlobal
