
Microsoft Visual Studio Solution File, Format Version 12.00
# Visual Studio Version 16
VisualStudioVersion = 16.0.29009.5
MinimumVisualStudioVersion = 10.0.40219.1
Project("{8BC9CEB8-8B4A-11D0-8D11-00A0C91BC942}") = "TestComponentCSharp", "TestComponentCSharp\TestComponentCSharp.vcxproj", "{7E3A9AB3-8CBB-4B9C-BA76-0FE7108DCAEB}"
	ProjectSection(ProjectDependencies) = postProject
		{6ACFD2B2-E8AA-4CD4-AAD8-213CE8BB2637} = {6ACFD2B2-E8AA-4CD4-AAD8-213CE8BB2637}
	EndProjectSection
EndProject
Project("{9A19103F-16F7-4668-BE54-9A1E7A4F7556}") = "UnitTest", "UnitTest\UnitTest.csproj", "{9A9F52CA-F624-43A4-B5EF-C50861F584C2}"
EndProject
Project("{8BC9CEB8-8B4A-11D0-8D11-00A0C91BC942}") = "cswinrt", "cswinrt\cswinrt.vcxproj", "{6ACFD2B2-E8AA-4CD4-AAD8-213CE8BB2637}"
	ProjectSection(ProjectDependencies) = postProject
		{25244CED-966E-45F2-9711-1F51E951FF89} = {25244CED-966E-45F2-9711-1F51E951FF89}
	EndProjectSection
EndProject
Project("{2150E333-8FDC-42A3-9474-1A3956D46DE8}") = "Files", "Files", "{96495AB4-2D86-47D1-A174-27D0B436DC98}"
	ProjectSection(SolutionItems) = preProject
		.gitignore = .gitignore
		build.cmd = build.cmd
		Directory.Build.props = Directory.Build.props
		HostTest\Directory.Build.targets = HostTest\Directory.Build.targets
		get_testwinrt.cmd = get_testwinrt.cmd
		README.md = README.md
		Strings.props = Strings.props
	EndProjectSection
EndProject
Project("{8BC9CEB8-8B4A-11D0-8D11-00A0C91BC942}") = "TestComponent", "TestWinRT\TestComponent\TestComponent.vcxproj", "{2954F343-85A7-46F5-A3F3-F106FDD13900}"
	ProjectSection(ProjectDependencies) = postProject
		{6ACFD2B2-E8AA-4CD4-AAD8-213CE8BB2637} = {6ACFD2B2-E8AA-4CD4-AAD8-213CE8BB2637}
	EndProjectSection
EndProject
Project("{9A19103F-16F7-4668-BE54-9A1E7A4F7556}") = "WinRT.Runtime", "WinRT.Runtime\WinRT.Runtime.csproj", "{25244CED-966E-45F2-9711-1F51E951FF89}"
EndProject
Project("{9A19103F-16F7-4668-BE54-9A1E7A4F7556}") = "WinUIDesktopSample", "WinUIDesktopSample\WinUIDesktopSample.csproj", "{8E6FBCB2-B0C1-4E92-8AEB-2A11564E6E0D}"
EndProject
Project("{9A19103F-16F7-4668-BE54-9A1E7A4F7556}") = "Test", "Projections\Test\Test.csproj", "{C6D580C5-7037-4733-B933-916FF400AFE2}"
EndProject
Project("{2150E333-8FDC-42A3-9474-1A3956D46DE8}") = "Projections", "Projections", "{6D41796B-9904-40B8-BBCB-40B2D1BAE44B}"
EndProject
Project("{9A19103F-16F7-4668-BE54-9A1E7A4F7556}") = "Windows", "Projections\Windows\Windows.csproj", "{FFA9A78B-F53F-43EE-AF87-24A80F4C330A}"
EndProject
Project("{9A19103F-16F7-4668-BE54-9A1E7A4F7556}") = "WinUI", "Projections\WinUI\WinUI.csproj", "{0A991D5F-BFEE-4D2F-9AAD-6AD06470A5DF}"
EndProject
Project("{2150E333-8FDC-42A3-9474-1A3956D46DE8}") = "Nuget", "Nuget", "{5A94EFDF-A6AC-494D-A731-A0A8A37F1F6C}"
	ProjectSection(SolutionItems) = preProject
		nuget\LICENSE = nuget\LICENSE
		nuget\Microsoft.Windows.CsWinRT.nuspec = nuget\Microsoft.Windows.CsWinRT.nuspec
		nuget\Microsoft.Windows.CsWinRT.props = nuget\Microsoft.Windows.CsWinRT.props
		nuget\Microsoft.Windows.CsWinRT.targets = nuget\Microsoft.Windows.CsWinRT.targets
		nuget\readme.md = nuget\readme.md
		nuget\readme.txt = nuget\readme.txt
		nuget\SignConfig.xml = nuget\SignConfig.xml
	EndProjectSection
EndProject
Project("{9A19103F-16F7-4668-BE54-9A1E7A4F7556}") = "Benchmarks", "Benchmarks\Benchmarks.csproj", "{B34C96F4-3660-4B2D-8ABD-A4B428166DC7}"
EndProject
Project("{8BC9CEB8-8B4A-11D0-8D11-00A0C91BC942}") = "BenchmarkComponent", "TestWinRT\BenchmarkComponent\BenchmarkComponent.vcxproj", "{78D85F23-7CB1-44A1-9238-6DF2C76754E4}"
	ProjectSection(ProjectDependencies) = postProject
		{6ACFD2B2-E8AA-4CD4-AAD8-213CE8BB2637} = {6ACFD2B2-E8AA-4CD4-AAD8-213CE8BB2637}
	EndProjectSection
EndProject
Project("{9A19103F-16F7-4668-BE54-9A1E7A4F7556}") = "Benchmark", "Projections\Benchmark\Benchmark.csproj", "{03EEF460-2F10-4FBE-AFFA-53477D3FC8D5}"
EndProject
Project("{8BC9CEB8-8B4A-11D0-8D11-00A0C91BC942}") = "WinRT.Host", "WinRT.Host\WinRT.Host.vcxproj", "{7E33BCB7-19C5-4061-981D-BA695322708A}"
EndProject
Project("{8BC9CEB8-8B4A-11D0-8D11-00A0C91BC942}") = "HostTest", "HostTest\HostTest.vcxproj", "{B511B7C9-C8E2-47ED-A0D1-538C00747D30}"
EndProject
Project("{9A19103F-16F7-4668-BE54-9A1E7A4F7556}") = "WinRT.Host.Shim", "WinRT.Host.Shim\WinRT.Host.Shim.csproj", "{0BB8F82D-874E-45AA-BCA3-20CE0562164A}"
EndProject
Project("{9A19103F-16F7-4668-BE54-9A1E7A4F7556}") = "TestHost.ProbeByClass", "Projections\TestHost.ProbeByClass\TestHost.ProbeByClass.csproj", "{EF3326B5-716F-41D2-AB30-4EFAB30955E2}"
EndProject
Global
	GlobalSection(SolutionConfigurationPlatforms) = preSolution
		Debug|Any CPU = Debug|Any CPU
		Debug|ARM = Debug|ARM
		Debug|ARM64 = Debug|ARM64
		Debug|x64 = Debug|x64
		Debug|x86 = Debug|x86
		Release|Any CPU = Release|Any CPU
		Release|ARM = Release|ARM
		Release|ARM64 = Release|ARM64
		Release|x64 = Release|x64
		Release|x86 = Release|x86
	EndGlobalSection
	GlobalSection(ProjectConfigurationPlatforms) = postSolution
		{7E3A9AB3-8CBB-4B9C-BA76-0FE7108DCAEB}.Debug|Any CPU.ActiveCfg = Debug|Win32
		{7E3A9AB3-8CBB-4B9C-BA76-0FE7108DCAEB}.Debug|ARM.ActiveCfg = Debug|Win32
		{7E3A9AB3-8CBB-4B9C-BA76-0FE7108DCAEB}.Debug|ARM64.ActiveCfg = Debug|Win32
		{7E3A9AB3-8CBB-4B9C-BA76-0FE7108DCAEB}.Debug|x64.ActiveCfg = Debug|x64
		{7E3A9AB3-8CBB-4B9C-BA76-0FE7108DCAEB}.Debug|x64.Build.0 = Debug|x64
		{7E3A9AB3-8CBB-4B9C-BA76-0FE7108DCAEB}.Debug|x86.ActiveCfg = Debug|Win32
		{7E3A9AB3-8CBB-4B9C-BA76-0FE7108DCAEB}.Debug|x86.Build.0 = Debug|Win32
		{7E3A9AB3-8CBB-4B9C-BA76-0FE7108DCAEB}.Release|Any CPU.ActiveCfg = Release|Win32
		{7E3A9AB3-8CBB-4B9C-BA76-0FE7108DCAEB}.Release|ARM.ActiveCfg = Release|Win32
		{7E3A9AB3-8CBB-4B9C-BA76-0FE7108DCAEB}.Release|ARM64.ActiveCfg = Release|Win32
		{7E3A9AB3-8CBB-4B9C-BA76-0FE7108DCAEB}.Release|x64.ActiveCfg = Release|x64
		{7E3A9AB3-8CBB-4B9C-BA76-0FE7108DCAEB}.Release|x64.Build.0 = Release|x64
		{7E3A9AB3-8CBB-4B9C-BA76-0FE7108DCAEB}.Release|x86.ActiveCfg = Release|Win32
		{7E3A9AB3-8CBB-4B9C-BA76-0FE7108DCAEB}.Release|x86.Build.0 = Release|Win32
		{9A9F52CA-F624-43A4-B5EF-C50861F584C2}.Debug|Any CPU.ActiveCfg = Debug|Any CPU
		{9A9F52CA-F624-43A4-B5EF-C50861F584C2}.Debug|Any CPU.Build.0 = Debug|Any CPU
		{9A9F52CA-F624-43A4-B5EF-C50861F584C2}.Debug|ARM.ActiveCfg = Debug|Any CPU
		{9A9F52CA-F624-43A4-B5EF-C50861F584C2}.Debug|ARM.Build.0 = Debug|Any CPU
		{9A9F52CA-F624-43A4-B5EF-C50861F584C2}.Debug|ARM64.ActiveCfg = Debug|Any CPU
		{9A9F52CA-F624-43A4-B5EF-C50861F584C2}.Debug|ARM64.Build.0 = Debug|Any CPU
		{9A9F52CA-F624-43A4-B5EF-C50861F584C2}.Debug|x64.ActiveCfg = Debug|x64
		{9A9F52CA-F624-43A4-B5EF-C50861F584C2}.Debug|x64.Build.0 = Debug|x64
		{9A9F52CA-F624-43A4-B5EF-C50861F584C2}.Debug|x86.ActiveCfg = Debug|x86
		{9A9F52CA-F624-43A4-B5EF-C50861F584C2}.Debug|x86.Build.0 = Debug|x86
		{9A9F52CA-F624-43A4-B5EF-C50861F584C2}.Release|Any CPU.ActiveCfg = Release|Any CPU
		{9A9F52CA-F624-43A4-B5EF-C50861F584C2}.Release|Any CPU.Build.0 = Release|Any CPU
		{9A9F52CA-F624-43A4-B5EF-C50861F584C2}.Release|ARM.ActiveCfg = Release|Any CPU
		{9A9F52CA-F624-43A4-B5EF-C50861F584C2}.Release|ARM.Build.0 = Release|Any CPU
		{9A9F52CA-F624-43A4-B5EF-C50861F584C2}.Release|ARM64.ActiveCfg = Release|Any CPU
		{9A9F52CA-F624-43A4-B5EF-C50861F584C2}.Release|ARM64.Build.0 = Release|Any CPU
		{9A9F52CA-F624-43A4-B5EF-C50861F584C2}.Release|x64.ActiveCfg = Release|x64
		{9A9F52CA-F624-43A4-B5EF-C50861F584C2}.Release|x64.Build.0 = Release|x64
		{9A9F52CA-F624-43A4-B5EF-C50861F584C2}.Release|x86.ActiveCfg = Release|x86
		{9A9F52CA-F624-43A4-B5EF-C50861F584C2}.Release|x86.Build.0 = Release|x86
		{6ACFD2B2-E8AA-4CD4-AAD8-213CE8BB2637}.Debug|Any CPU.ActiveCfg = Debug|Win32
		{6ACFD2B2-E8AA-4CD4-AAD8-213CE8BB2637}.Debug|ARM.ActiveCfg = Debug|Win32
		{6ACFD2B2-E8AA-4CD4-AAD8-213CE8BB2637}.Debug|ARM64.ActiveCfg = Debug|Win32
		{6ACFD2B2-E8AA-4CD4-AAD8-213CE8BB2637}.Debug|x64.ActiveCfg = Debug|x64
		{6ACFD2B2-E8AA-4CD4-AAD8-213CE8BB2637}.Debug|x64.Build.0 = Debug|x64
		{6ACFD2B2-E8AA-4CD4-AAD8-213CE8BB2637}.Debug|x86.ActiveCfg = Debug|Win32
		{6ACFD2B2-E8AA-4CD4-AAD8-213CE8BB2637}.Debug|x86.Build.0 = Debug|Win32
		{6ACFD2B2-E8AA-4CD4-AAD8-213CE8BB2637}.Release|Any CPU.ActiveCfg = Release|Win32
		{6ACFD2B2-E8AA-4CD4-AAD8-213CE8BB2637}.Release|ARM.ActiveCfg = Release|Win32
		{6ACFD2B2-E8AA-4CD4-AAD8-213CE8BB2637}.Release|ARM64.ActiveCfg = Release|Win32
		{6ACFD2B2-E8AA-4CD4-AAD8-213CE8BB2637}.Release|x64.ActiveCfg = Release|x64
		{6ACFD2B2-E8AA-4CD4-AAD8-213CE8BB2637}.Release|x64.Build.0 = Release|x64
		{6ACFD2B2-E8AA-4CD4-AAD8-213CE8BB2637}.Release|x86.ActiveCfg = Release|Win32
		{6ACFD2B2-E8AA-4CD4-AAD8-213CE8BB2637}.Release|x86.Build.0 = Release|Win32
		{2954F343-85A7-46F5-A3F3-F106FDD13900}.Debug|Any CPU.ActiveCfg = Debug|Win32
		{2954F343-85A7-46F5-A3F3-F106FDD13900}.Debug|ARM.ActiveCfg = Debug|ARM
		{2954F343-85A7-46F5-A3F3-F106FDD13900}.Debug|ARM.Build.0 = Debug|ARM
		{2954F343-85A7-46F5-A3F3-F106FDD13900}.Debug|ARM64.ActiveCfg = Debug|Win32
		{2954F343-85A7-46F5-A3F3-F106FDD13900}.Debug|x64.ActiveCfg = Debug|x64
		{2954F343-85A7-46F5-A3F3-F106FDD13900}.Debug|x64.Build.0 = Debug|x64
		{2954F343-85A7-46F5-A3F3-F106FDD13900}.Debug|x86.ActiveCfg = Debug|Win32
		{2954F343-85A7-46F5-A3F3-F106FDD13900}.Debug|x86.Build.0 = Debug|Win32
		{2954F343-85A7-46F5-A3F3-F106FDD13900}.Release|Any CPU.ActiveCfg = Release|Win32
		{2954F343-85A7-46F5-A3F3-F106FDD13900}.Release|ARM.ActiveCfg = Release|ARM
		{2954F343-85A7-46F5-A3F3-F106FDD13900}.Release|ARM.Build.0 = Release|ARM
		{2954F343-85A7-46F5-A3F3-F106FDD13900}.Release|ARM64.ActiveCfg = Release|Win32
		{2954F343-85A7-46F5-A3F3-F106FDD13900}.Release|x64.ActiveCfg = Release|x64
		{2954F343-85A7-46F5-A3F3-F106FDD13900}.Release|x64.Build.0 = Release|x64
		{2954F343-85A7-46F5-A3F3-F106FDD13900}.Release|x86.ActiveCfg = Release|Win32
		{2954F343-85A7-46F5-A3F3-F106FDD13900}.Release|x86.Build.0 = Release|Win32
		{25244CED-966E-45F2-9711-1F51E951FF89}.Debug|Any CPU.ActiveCfg = Debug|Any CPU
		{25244CED-966E-45F2-9711-1F51E951FF89}.Debug|Any CPU.Build.0 = Debug|Any CPU
		{25244CED-966E-45F2-9711-1F51E951FF89}.Debug|ARM.ActiveCfg = Debug|Any CPU
		{25244CED-966E-45F2-9711-1F51E951FF89}.Debug|ARM.Build.0 = Debug|Any CPU
		{25244CED-966E-45F2-9711-1F51E951FF89}.Debug|ARM64.ActiveCfg = Debug|Any CPU
		{25244CED-966E-45F2-9711-1F51E951FF89}.Debug|ARM64.Build.0 = Debug|Any CPU
		{25244CED-966E-45F2-9711-1F51E951FF89}.Debug|x64.ActiveCfg = Debug|Any CPU
		{25244CED-966E-45F2-9711-1F51E951FF89}.Debug|x64.Build.0 = Debug|Any CPU
		{25244CED-966E-45F2-9711-1F51E951FF89}.Debug|x86.ActiveCfg = Debug|Any CPU
		{25244CED-966E-45F2-9711-1F51E951FF89}.Debug|x86.Build.0 = Debug|Any CPU
		{25244CED-966E-45F2-9711-1F51E951FF89}.Release|Any CPU.ActiveCfg = Release|Any CPU
		{25244CED-966E-45F2-9711-1F51E951FF89}.Release|Any CPU.Build.0 = Release|Any CPU
		{25244CED-966E-45F2-9711-1F51E951FF89}.Release|ARM.ActiveCfg = Release|Any CPU
		{25244CED-966E-45F2-9711-1F51E951FF89}.Release|ARM.Build.0 = Release|Any CPU
		{25244CED-966E-45F2-9711-1F51E951FF89}.Release|ARM64.ActiveCfg = Release|Any CPU
		{25244CED-966E-45F2-9711-1F51E951FF89}.Release|ARM64.Build.0 = Release|Any CPU
		{25244CED-966E-45F2-9711-1F51E951FF89}.Release|x64.ActiveCfg = Release|Any CPU
		{25244CED-966E-45F2-9711-1F51E951FF89}.Release|x64.Build.0 = Release|Any CPU
		{25244CED-966E-45F2-9711-1F51E951FF89}.Release|x86.ActiveCfg = Release|Any CPU
		{25244CED-966E-45F2-9711-1F51E951FF89}.Release|x86.Build.0 = Release|Any CPU
		{8E6FBCB2-B0C1-4E92-8AEB-2A11564E6E0D}.Debug|Any CPU.ActiveCfg = Debug|x86
		{8E6FBCB2-B0C1-4E92-8AEB-2A11564E6E0D}.Debug|ARM.ActiveCfg = Debug|x86
		{8E6FBCB2-B0C1-4E92-8AEB-2A11564E6E0D}.Debug|ARM64.ActiveCfg = Debug|x86
		{8E6FBCB2-B0C1-4E92-8AEB-2A11564E6E0D}.Debug|x64.ActiveCfg = Debug|x64
		{8E6FBCB2-B0C1-4E92-8AEB-2A11564E6E0D}.Debug|x64.Build.0 = Debug|x64
		{8E6FBCB2-B0C1-4E92-8AEB-2A11564E6E0D}.Debug|x86.ActiveCfg = Debug|x86
		{8E6FBCB2-B0C1-4E92-8AEB-2A11564E6E0D}.Debug|x86.Build.0 = Debug|x86
		{8E6FBCB2-B0C1-4E92-8AEB-2A11564E6E0D}.Release|Any CPU.ActiveCfg = Release|x86
		{8E6FBCB2-B0C1-4E92-8AEB-2A11564E6E0D}.Release|ARM.ActiveCfg = Release|x86
		{8E6FBCB2-B0C1-4E92-8AEB-2A11564E6E0D}.Release|ARM64.ActiveCfg = Release|x86
		{8E6FBCB2-B0C1-4E92-8AEB-2A11564E6E0D}.Release|x64.ActiveCfg = Release|x64
		{8E6FBCB2-B0C1-4E92-8AEB-2A11564E6E0D}.Release|x64.Build.0 = Release|x64
		{8E6FBCB2-B0C1-4E92-8AEB-2A11564E6E0D}.Release|x86.ActiveCfg = Release|x86
		{8E6FBCB2-B0C1-4E92-8AEB-2A11564E6E0D}.Release|x86.Build.0 = Release|x86
		{C6D580C5-7037-4733-B933-916FF400AFE2}.Debug|Any CPU.ActiveCfg = Debug|x86
		{C6D580C5-7037-4733-B933-916FF400AFE2}.Debug|ARM.ActiveCfg = Debug|x86
		{C6D580C5-7037-4733-B933-916FF400AFE2}.Debug|ARM64.ActiveCfg = Debug|x86
		{C6D580C5-7037-4733-B933-916FF400AFE2}.Debug|x64.ActiveCfg = Debug|x64
		{C6D580C5-7037-4733-B933-916FF400AFE2}.Debug|x64.Build.0 = Debug|x64
		{C6D580C5-7037-4733-B933-916FF400AFE2}.Debug|x86.ActiveCfg = Debug|x86
		{C6D580C5-7037-4733-B933-916FF400AFE2}.Debug|x86.Build.0 = Debug|x86
		{C6D580C5-7037-4733-B933-916FF400AFE2}.Release|Any CPU.ActiveCfg = Release|x86
		{C6D580C5-7037-4733-B933-916FF400AFE2}.Release|ARM.ActiveCfg = Release|x86
		{C6D580C5-7037-4733-B933-916FF400AFE2}.Release|ARM64.ActiveCfg = Release|x86
		{C6D580C5-7037-4733-B933-916FF400AFE2}.Release|x64.ActiveCfg = Release|x64
		{C6D580C5-7037-4733-B933-916FF400AFE2}.Release|x64.Build.0 = Release|x64
		{C6D580C5-7037-4733-B933-916FF400AFE2}.Release|x86.ActiveCfg = Release|x86
		{C6D580C5-7037-4733-B933-916FF400AFE2}.Release|x86.Build.0 = Release|x86
		{FFA9A78B-F53F-43EE-AF87-24A80F4C330A}.Debug|Any CPU.ActiveCfg = Debug|x86
		{FFA9A78B-F53F-43EE-AF87-24A80F4C330A}.Debug|ARM.ActiveCfg = Debug|x86
		{FFA9A78B-F53F-43EE-AF87-24A80F4C330A}.Debug|ARM64.ActiveCfg = Debug|x86
		{FFA9A78B-F53F-43EE-AF87-24A80F4C330A}.Debug|x64.ActiveCfg = Debug|x64
		{FFA9A78B-F53F-43EE-AF87-24A80F4C330A}.Debug|x64.Build.0 = Debug|x64
		{FFA9A78B-F53F-43EE-AF87-24A80F4C330A}.Debug|x86.ActiveCfg = Debug|x86
		{FFA9A78B-F53F-43EE-AF87-24A80F4C330A}.Debug|x86.Build.0 = Debug|x86
		{FFA9A78B-F53F-43EE-AF87-24A80F4C330A}.Release|Any CPU.ActiveCfg = Release|x86
		{FFA9A78B-F53F-43EE-AF87-24A80F4C330A}.Release|ARM.ActiveCfg = Release|x86
		{FFA9A78B-F53F-43EE-AF87-24A80F4C330A}.Release|ARM64.ActiveCfg = Release|x86
		{FFA9A78B-F53F-43EE-AF87-24A80F4C330A}.Release|x64.ActiveCfg = Release|x64
		{FFA9A78B-F53F-43EE-AF87-24A80F4C330A}.Release|x64.Build.0 = Release|x64
		{FFA9A78B-F53F-43EE-AF87-24A80F4C330A}.Release|x86.ActiveCfg = Release|x86
		{FFA9A78B-F53F-43EE-AF87-24A80F4C330A}.Release|x86.Build.0 = Release|x86
		{0A991D5F-BFEE-4D2F-9AAD-6AD06470A5DF}.Debug|Any CPU.ActiveCfg = Debug|x86
		{0A991D5F-BFEE-4D2F-9AAD-6AD06470A5DF}.Debug|ARM.ActiveCfg = Debug|x86
		{0A991D5F-BFEE-4D2F-9AAD-6AD06470A5DF}.Debug|ARM64.ActiveCfg = Debug|x86
		{0A991D5F-BFEE-4D2F-9AAD-6AD06470A5DF}.Debug|x64.ActiveCfg = Debug|x64
		{0A991D5F-BFEE-4D2F-9AAD-6AD06470A5DF}.Debug|x64.Build.0 = Debug|x64
		{0A991D5F-BFEE-4D2F-9AAD-6AD06470A5DF}.Debug|x86.ActiveCfg = Debug|x86
		{0A991D5F-BFEE-4D2F-9AAD-6AD06470A5DF}.Debug|x86.Build.0 = Debug|x86
		{0A991D5F-BFEE-4D2F-9AAD-6AD06470A5DF}.Release|Any CPU.ActiveCfg = Release|x86
		{0A991D5F-BFEE-4D2F-9AAD-6AD06470A5DF}.Release|ARM.ActiveCfg = Release|x86
		{0A991D5F-BFEE-4D2F-9AAD-6AD06470A5DF}.Release|ARM64.ActiveCfg = Release|x86
		{0A991D5F-BFEE-4D2F-9AAD-6AD06470A5DF}.Release|x64.ActiveCfg = Release|x64
		{0A991D5F-BFEE-4D2F-9AAD-6AD06470A5DF}.Release|x64.Build.0 = Release|x64
		{0A991D5F-BFEE-4D2F-9AAD-6AD06470A5DF}.Release|x86.ActiveCfg = Release|x86
		{0A991D5F-BFEE-4D2F-9AAD-6AD06470A5DF}.Release|x86.Build.0 = Release|x86
		{B34C96F4-3660-4B2D-8ABD-A4B428166DC7}.Debug|Any CPU.ActiveCfg = Debug|x86
		{B34C96F4-3660-4B2D-8ABD-A4B428166DC7}.Debug|ARM.ActiveCfg = Debug|x86
		{B34C96F4-3660-4B2D-8ABD-A4B428166DC7}.Debug|ARM64.ActiveCfg = Debug|x86
		{B34C96F4-3660-4B2D-8ABD-A4B428166DC7}.Debug|x64.ActiveCfg = Debug|x64
		{B34C96F4-3660-4B2D-8ABD-A4B428166DC7}.Debug|x64.Build.0 = Debug|x64
		{B34C96F4-3660-4B2D-8ABD-A4B428166DC7}.Debug|x86.ActiveCfg = Debug|x86
		{B34C96F4-3660-4B2D-8ABD-A4B428166DC7}.Release|Any CPU.ActiveCfg = Release|x86
		{B34C96F4-3660-4B2D-8ABD-A4B428166DC7}.Release|ARM.ActiveCfg = Release|x86
		{B34C96F4-3660-4B2D-8ABD-A4B428166DC7}.Release|ARM64.ActiveCfg = Release|x86
		{B34C96F4-3660-4B2D-8ABD-A4B428166DC7}.Release|x64.ActiveCfg = Release|x64
		{B34C96F4-3660-4B2D-8ABD-A4B428166DC7}.Release|x64.Build.0 = Release|x64
		{B34C96F4-3660-4B2D-8ABD-A4B428166DC7}.Release|x86.ActiveCfg = Release|x86
		{78D85F23-7CB1-44A1-9238-6DF2C76754E4}.Debug|Any CPU.ActiveCfg = Debug|Win32
		{78D85F23-7CB1-44A1-9238-6DF2C76754E4}.Debug|ARM.ActiveCfg = Debug|Win32
		{78D85F23-7CB1-44A1-9238-6DF2C76754E4}.Debug|ARM64.ActiveCfg = Debug|Win32
		{78D85F23-7CB1-44A1-9238-6DF2C76754E4}.Debug|x64.ActiveCfg = Debug|x64
		{78D85F23-7CB1-44A1-9238-6DF2C76754E4}.Debug|x64.Build.0 = Debug|x64
		{78D85F23-7CB1-44A1-9238-6DF2C76754E4}.Debug|x86.ActiveCfg = Debug|Win32
		{78D85F23-7CB1-44A1-9238-6DF2C76754E4}.Debug|x86.Build.0 = Debug|Win32
		{78D85F23-7CB1-44A1-9238-6DF2C76754E4}.Release|Any CPU.ActiveCfg = Release|Win32
		{78D85F23-7CB1-44A1-9238-6DF2C76754E4}.Release|ARM.ActiveCfg = Release|Win32
		{78D85F23-7CB1-44A1-9238-6DF2C76754E4}.Release|ARM64.ActiveCfg = Release|Win32
		{78D85F23-7CB1-44A1-9238-6DF2C76754E4}.Release|x64.ActiveCfg = Release|x64
		{78D85F23-7CB1-44A1-9238-6DF2C76754E4}.Release|x64.Build.0 = Release|x64
		{78D85F23-7CB1-44A1-9238-6DF2C76754E4}.Release|x86.ActiveCfg = Release|Win32
		{78D85F23-7CB1-44A1-9238-6DF2C76754E4}.Release|x86.Build.0 = Release|Win32
		{03EEF460-2F10-4FBE-AFFA-53477D3FC8D5}.Debug|Any CPU.ActiveCfg = Debug|x86
		{03EEF460-2F10-4FBE-AFFA-53477D3FC8D5}.Debug|ARM.ActiveCfg = Debug|x86
		{03EEF460-2F10-4FBE-AFFA-53477D3FC8D5}.Debug|ARM64.ActiveCfg = Debug|x86
		{03EEF460-2F10-4FBE-AFFA-53477D3FC8D5}.Debug|x64.ActiveCfg = Debug|x64
		{03EEF460-2F10-4FBE-AFFA-53477D3FC8D5}.Debug|x64.Build.0 = Debug|x64
		{03EEF460-2F10-4FBE-AFFA-53477D3FC8D5}.Debug|x86.ActiveCfg = Debug|x86
		{03EEF460-2F10-4FBE-AFFA-53477D3FC8D5}.Debug|x86.Build.0 = Debug|x86
		{03EEF460-2F10-4FBE-AFFA-53477D3FC8D5}.Release|Any CPU.ActiveCfg = Release|x86
		{03EEF460-2F10-4FBE-AFFA-53477D3FC8D5}.Release|ARM.ActiveCfg = Release|x86
		{03EEF460-2F10-4FBE-AFFA-53477D3FC8D5}.Release|ARM64.ActiveCfg = Release|x86
		{03EEF460-2F10-4FBE-AFFA-53477D3FC8D5}.Release|x64.ActiveCfg = Release|x64
		{03EEF460-2F10-4FBE-AFFA-53477D3FC8D5}.Release|x64.Build.0 = Release|x64
		{03EEF460-2F10-4FBE-AFFA-53477D3FC8D5}.Release|x86.ActiveCfg = Release|x86
		{03EEF460-2F10-4FBE-AFFA-53477D3FC8D5}.Release|x86.Build.0 = Release|x86
		{7E33BCB7-19C5-4061-981D-BA695322708A}.Debug|Any CPU.ActiveCfg = Debug|Win32
		{7E33BCB7-19C5-4061-981D-BA695322708A}.Debug|ARM.ActiveCfg = Debug|Win32
		{7E33BCB7-19C5-4061-981D-BA695322708A}.Debug|ARM64.ActiveCfg = Debug|Win32
		{7E33BCB7-19C5-4061-981D-BA695322708A}.Debug|x64.ActiveCfg = Debug|x64
		{7E33BCB7-19C5-4061-981D-BA695322708A}.Debug|x64.Build.0 = Debug|x64
		{7E33BCB7-19C5-4061-981D-BA695322708A}.Debug|x86.ActiveCfg = Debug|Win32
		{7E33BCB7-19C5-4061-981D-BA695322708A}.Debug|x86.Build.0 = Debug|Win32
		{7E33BCB7-19C5-4061-981D-BA695322708A}.Release|Any CPU.ActiveCfg = Release|Win32
		{7E33BCB7-19C5-4061-981D-BA695322708A}.Release|ARM.ActiveCfg = Release|Win32
		{7E33BCB7-19C5-4061-981D-BA695322708A}.Release|ARM64.ActiveCfg = Release|Win32
		{7E33BCB7-19C5-4061-981D-BA695322708A}.Release|x64.ActiveCfg = Release|x64
		{7E33BCB7-19C5-4061-981D-BA695322708A}.Release|x64.Build.0 = Release|x64
		{7E33BCB7-19C5-4061-981D-BA695322708A}.Release|x86.ActiveCfg = Release|Win32
		{7E33BCB7-19C5-4061-981D-BA695322708A}.Release|x86.Build.0 = Release|Win32
		{B511B7C9-C8E2-47ED-A0D1-538C00747D30}.Debug|Any CPU.ActiveCfg = Debug|Win32
		{B511B7C9-C8E2-47ED-A0D1-538C00747D30}.Debug|ARM.ActiveCfg = Debug|Win32
		{B511B7C9-C8E2-47ED-A0D1-538C00747D30}.Debug|ARM64.ActiveCfg = Debug|Win32
		{B511B7C9-C8E2-47ED-A0D1-538C00747D30}.Debug|x64.ActiveCfg = Debug|x64
		{B511B7C9-C8E2-47ED-A0D1-538C00747D30}.Debug|x64.Build.0 = Debug|x64
		{B511B7C9-C8E2-47ED-A0D1-538C00747D30}.Debug|x86.ActiveCfg = Debug|Win32
		{B511B7C9-C8E2-47ED-A0D1-538C00747D30}.Debug|x86.Build.0 = Debug|Win32
		{B511B7C9-C8E2-47ED-A0D1-538C00747D30}.Release|Any CPU.ActiveCfg = Release|Win32
		{B511B7C9-C8E2-47ED-A0D1-538C00747D30}.Release|ARM.ActiveCfg = Release|Win32
		{B511B7C9-C8E2-47ED-A0D1-538C00747D30}.Release|ARM64.ActiveCfg = Release|Win32
		{B511B7C9-C8E2-47ED-A0D1-538C00747D30}.Release|x64.ActiveCfg = Release|x64
		{B511B7C9-C8E2-47ED-A0D1-538C00747D30}.Release|x64.Build.0 = Release|x64
		{B511B7C9-C8E2-47ED-A0D1-538C00747D30}.Release|x86.ActiveCfg = Release|Win32
		{B511B7C9-C8E2-47ED-A0D1-538C00747D30}.Release|x86.Build.0 = Release|Win32
		{0BB8F82D-874E-45AA-BCA3-20CE0562164A}.Debug|Any CPU.ActiveCfg = Debug|Any CPU
		{0BB8F82D-874E-45AA-BCA3-20CE0562164A}.Debug|Any CPU.Build.0 = Debug|Any CPU
		{0BB8F82D-874E-45AA-BCA3-20CE0562164A}.Debug|ARM.ActiveCfg = Debug|Any CPU
		{0BB8F82D-874E-45AA-BCA3-20CE0562164A}.Debug|ARM.Build.0 = Debug|Any CPU
		{0BB8F82D-874E-45AA-BCA3-20CE0562164A}.Debug|ARM64.ActiveCfg = Debug|Any CPU
		{0BB8F82D-874E-45AA-BCA3-20CE0562164A}.Debug|ARM64.Build.0 = Debug|Any CPU
		{0BB8F82D-874E-45AA-BCA3-20CE0562164A}.Debug|x64.ActiveCfg = Debug|Any CPU
		{0BB8F82D-874E-45AA-BCA3-20CE0562164A}.Debug|x64.Build.0 = Debug|Any CPU
		{0BB8F82D-874E-45AA-BCA3-20CE0562164A}.Debug|x86.ActiveCfg = Debug|Any CPU
		{0BB8F82D-874E-45AA-BCA3-20CE0562164A}.Debug|x86.Build.0 = Debug|Any CPU
		{0BB8F82D-874E-45AA-BCA3-20CE0562164A}.Release|Any CPU.ActiveCfg = Release|Any CPU
		{0BB8F82D-874E-45AA-BCA3-20CE0562164A}.Release|Any CPU.Build.0 = Release|Any CPU
		{0BB8F82D-874E-45AA-BCA3-20CE0562164A}.Release|ARM.ActiveCfg = Release|Any CPU
		{0BB8F82D-874E-45AA-BCA3-20CE0562164A}.Release|ARM.Build.0 = Release|Any CPU
		{0BB8F82D-874E-45AA-BCA3-20CE0562164A}.Release|ARM64.ActiveCfg = Release|Any CPU
		{0BB8F82D-874E-45AA-BCA3-20CE0562164A}.Release|ARM64.Build.0 = Release|Any CPU
		{0BB8F82D-874E-45AA-BCA3-20CE0562164A}.Release|x64.ActiveCfg = Release|Any CPU
		{0BB8F82D-874E-45AA-BCA3-20CE0562164A}.Release|x64.Build.0 = Release|Any CPU
		{0BB8F82D-874E-45AA-BCA3-20CE0562164A}.Release|x86.ActiveCfg = Release|Any CPU
		{0BB8F82D-874E-45AA-BCA3-20CE0562164A}.Release|x86.Build.0 = Release|Any CPU
		{EF3326B5-716F-41D2-AB30-4EFAB30955E2}.Debug|Any CPU.ActiveCfg = Debug|x86
		{EF3326B5-716F-41D2-AB30-4EFAB30955E2}.Debug|ARM.ActiveCfg = Debug|x86
		{EF3326B5-716F-41D2-AB30-4EFAB30955E2}.Debug|ARM64.ActiveCfg = Debug|x86
		{EF3326B5-716F-41D2-AB30-4EFAB30955E2}.Debug|x64.ActiveCfg = Debug|x64
		{EF3326B5-716F-41D2-AB30-4EFAB30955E2}.Debug|x64.Build.0 = Debug|x64
		{EF3326B5-716F-41D2-AB30-4EFAB30955E2}.Debug|x86.ActiveCfg = Debug|x86
		{EF3326B5-716F-41D2-AB30-4EFAB30955E2}.Debug|x86.Build.0 = Debug|x86
		{EF3326B5-716F-41D2-AB30-4EFAB30955E2}.Release|Any CPU.ActiveCfg = Release|x86
		{EF3326B5-716F-41D2-AB30-4EFAB30955E2}.Release|ARM.ActiveCfg = Release|x86
		{EF3326B5-716F-41D2-AB30-4EFAB30955E2}.Release|ARM64.ActiveCfg = Release|x86
		{EF3326B5-716F-41D2-AB30-4EFAB30955E2}.Release|x64.ActiveCfg = Release|x64
		{EF3326B5-716F-41D2-AB30-4EFAB30955E2}.Release|x64.Build.0 = Release|x64
		{EF3326B5-716F-41D2-AB30-4EFAB30955E2}.Release|x86.ActiveCfg = Release|x86
		{EF3326B5-716F-41D2-AB30-4EFAB30955E2}.Release|x86.Build.0 = Release|x86
	EndGlobalSection
	GlobalSection(SolutionProperties) = preSolution
		HideSolutionNode = FALSE
	EndGlobalSection
	GlobalSection(NestedProjects) = preSolution
		{C6D580C5-7037-4733-B933-916FF400AFE2} = {6D41796B-9904-40B8-BBCB-40B2D1BAE44B}
		{FFA9A78B-F53F-43EE-AF87-24A80F4C330A} = {6D41796B-9904-40B8-BBCB-40B2D1BAE44B}
		{0A991D5F-BFEE-4D2F-9AAD-6AD06470A5DF} = {6D41796B-9904-40B8-BBCB-40B2D1BAE44B}
		{03EEF460-2F10-4FBE-AFFA-53477D3FC8D5} = {6D41796B-9904-40B8-BBCB-40B2D1BAE44B}
		{EF3326B5-716F-41D2-AB30-4EFAB30955E2} = {6D41796B-9904-40B8-BBCB-40B2D1BAE44B}
	EndGlobalSection
	GlobalSection(ExtensibilityGlobals) = postSolution
		SolutionGuid = {5AE8C9D7-2613-4E1A-A4F2-579BAC28D0A2}
	EndGlobalSection
EndGlobal
