
Microsoft Visual Studio Solution File, Format Version 12.00
# Visual Studio Version 16
VisualStudioVersion = 16.0.29009.5
MinimumVisualStudioVersion = 10.0.40219.1
Project("{8BC9CEB8-8B4A-11D0-8D11-00A0C91BC942}") = "TestComponentCSharp", "TestComponentCSharp\TestComponentCSharp.vcxproj", "{7E3A9AB3-8CBB-4B9C-BA76-0FE7108DCAEB}"
	ProjectSection(ProjectDependencies) = postProject
		{6ACFD2B2-E8AA-4CD4-AAD8-213CE8BB2637} = {6ACFD2B2-E8AA-4CD4-AAD8-213CE8BB2637}
	EndProjectSection
EndProject
Project("{9A19103F-16F7-4668-BE54-9A1E7A4F7556}") = "UnitTest", "UnitTest\UnitTest.csproj", "{9A9F52CA-F624-43A4-B5EF-C50861F584C2}"
EndProject
Project("{8BC9CEB8-8B4A-11D0-8D11-00A0C91BC942}") = "cswinrt", "cswinrt\cswinrt.vcxproj", "{6ACFD2B2-E8AA-4CD4-AAD8-213CE8BB2637}"
EndProject
Project("{9A19103F-16F7-4668-BE54-9A1E7A4F7556}") = "WinUITest", "WinUITest\WinUITest.csproj", "{AD0BD44A-D9B5-419C-90D0-B017AEE09C85}"
EndProject
Project("{2150E333-8FDC-42A3-9474-1A3956D46DE8}") = "Solution Files", "Solution Files", "{96495AB4-2D86-47D1-A174-27D0B436DC98}"
	ProjectSection(SolutionItems) = preProject
		.gitignore = .gitignore
		build.cmd = build.cmd
		Directory.Build.props = Directory.Build.props
		Directory.Build.targets = Directory.Build.targets
		get_testwinrt.cmd = get_testwinrt.cmd
		README.md = README.md
		Strings.props = Strings.props
	EndProjectSection
EndProject
Project("{8BC9CEB8-8B4A-11D0-8D11-00A0C91BC942}") = "TestComponent", "TestWinRT\TestComponent\TestComponent.vcxproj", "{2954F343-85A7-46F5-A3F3-F106FDD13900}"
EndProject
Global
	GlobalSection(SolutionConfigurationPlatforms) = preSolution
		Debug|Any CPU = Debug|Any CPU
		Debug|ARM = Debug|ARM
		Debug|x64 = Debug|x64
		Debug|x86 = Debug|x86
		Release|Any CPU = Release|Any CPU
		Release|ARM = Release|ARM
		Release|x64 = Release|x64
		Release|x86 = Release|x86
	EndGlobalSection
	GlobalSection(ProjectConfigurationPlatforms) = postSolution
		{7E3A9AB3-8CBB-4B9C-BA76-0FE7108DCAEB}.Debug|Any CPU.ActiveCfg = Debug|Win32
		{7E3A9AB3-8CBB-4B9C-BA76-0FE7108DCAEB}.Debug|ARM.ActiveCfg = Debug|Win32
		{7E3A9AB3-8CBB-4B9C-BA76-0FE7108DCAEB}.Debug|x64.ActiveCfg = Debug|x64
		{7E3A9AB3-8CBB-4B9C-BA76-0FE7108DCAEB}.Debug|x64.Build.0 = Debug|x64
		{7E3A9AB3-8CBB-4B9C-BA76-0FE7108DCAEB}.Debug|x86.ActiveCfg = Debug|Win32
		{7E3A9AB3-8CBB-4B9C-BA76-0FE7108DCAEB}.Debug|x86.Build.0 = Debug|Win32
		{7E3A9AB3-8CBB-4B9C-BA76-0FE7108DCAEB}.Release|Any CPU.ActiveCfg = Release|Win32
		{7E3A9AB3-8CBB-4B9C-BA76-0FE7108DCAEB}.Release|ARM.ActiveCfg = Release|Win32
		{7E3A9AB3-8CBB-4B9C-BA76-0FE7108DCAEB}.Release|x64.ActiveCfg = Release|x64
		{7E3A9AB3-8CBB-4B9C-BA76-0FE7108DCAEB}.Release|x64.Build.0 = Release|x64
		{7E3A9AB3-8CBB-4B9C-BA76-0FE7108DCAEB}.Release|x86.ActiveCfg = Release|Win32
		{7E3A9AB3-8CBB-4B9C-BA76-0FE7108DCAEB}.Release|x86.Build.0 = Release|Win32
		{9A9F52CA-F624-43A4-B5EF-C50861F584C2}.Debug|Any CPU.ActiveCfg = Debug|Any CPU
		{9A9F52CA-F624-43A4-B5EF-C50861F584C2}.Debug|Any CPU.Build.0 = Debug|Any CPU
		{9A9F52CA-F624-43A4-B5EF-C50861F584C2}.Debug|ARM.ActiveCfg = Debug|Any CPU
		{9A9F52CA-F624-43A4-B5EF-C50861F584C2}.Debug|ARM.Build.0 = Debug|Any CPU
		{9A9F52CA-F624-43A4-B5EF-C50861F584C2}.Debug|x64.ActiveCfg = Debug|x64
		{9A9F52CA-F624-43A4-B5EF-C50861F584C2}.Debug|x64.Build.0 = Debug|x64
		{9A9F52CA-F624-43A4-B5EF-C50861F584C2}.Debug|x86.ActiveCfg = Debug|x86
		{9A9F52CA-F624-43A4-B5EF-C50861F584C2}.Debug|x86.Build.0 = Debug|x86
		{9A9F52CA-F624-43A4-B5EF-C50861F584C2}.Release|Any CPU.ActiveCfg = Release|Any CPU
		{9A9F52CA-F624-43A4-B5EF-C50861F584C2}.Release|Any CPU.Build.0 = Release|Any CPU
		{9A9F52CA-F624-43A4-B5EF-C50861F584C2}.Release|ARM.ActiveCfg = Release|Any CPU
		{9A9F52CA-F624-43A4-B5EF-C50861F584C2}.Release|ARM.Build.0 = Release|Any CPU
		{9A9F52CA-F624-43A4-B5EF-C50861F584C2}.Release|x64.ActiveCfg = Release|x64
		{9A9F52CA-F624-43A4-B5EF-C50861F584C2}.Release|x64.Build.0 = Release|x64
		{9A9F52CA-F624-43A4-B5EF-C50861F584C2}.Release|x86.ActiveCfg = Release|x86
		{9A9F52CA-F624-43A4-B5EF-C50861F584C2}.Release|x86.Build.0 = Release|x86
		{6ACFD2B2-E8AA-4CD4-AAD8-213CE8BB2637}.Debug|Any CPU.ActiveCfg = Debug|Win32
		{6ACFD2B2-E8AA-4CD4-AAD8-213CE8BB2637}.Debug|ARM.ActiveCfg = Debug|Win32
		{6ACFD2B2-E8AA-4CD4-AAD8-213CE8BB2637}.Debug|x64.ActiveCfg = Debug|x64
		{6ACFD2B2-E8AA-4CD4-AAD8-213CE8BB2637}.Debug|x64.Build.0 = Debug|x64
		{6ACFD2B2-E8AA-4CD4-AAD8-213CE8BB2637}.Debug|x86.ActiveCfg = Debug|Win32
		{6ACFD2B2-E8AA-4CD4-AAD8-213CE8BB2637}.Debug|x86.Build.0 = Debug|Win32
		{6ACFD2B2-E8AA-4CD4-AAD8-213CE8BB2637}.Release|Any CPU.ActiveCfg = Release|Win32
		{6ACFD2B2-E8AA-4CD4-AAD8-213CE8BB2637}.Release|ARM.ActiveCfg = Release|Win32
		{6ACFD2B2-E8AA-4CD4-AAD8-213CE8BB2637}.Release|x64.ActiveCfg = Release|x64
		{6ACFD2B2-E8AA-4CD4-AAD8-213CE8BB2637}.Release|x64.Build.0 = Release|x64
		{6ACFD2B2-E8AA-4CD4-AAD8-213CE8BB2637}.Release|x86.ActiveCfg = Release|Win32
		{6ACFD2B2-E8AA-4CD4-AAD8-213CE8BB2637}.Release|x86.Build.0 = Release|Win32
		{AD0BD44A-D9B5-419C-90D0-B017AEE09C85}.Debug|Any CPU.ActiveCfg = Debug|Any CPU
		{AD0BD44A-D9B5-419C-90D0-B017AEE09C85}.Debug|Any CPU.Build.0 = Debug|Any CPU
		{AD0BD44A-D9B5-419C-90D0-B017AEE09C85}.Debug|ARM.ActiveCfg = Debug|Any CPU
		{AD0BD44A-D9B5-419C-90D0-B017AEE09C85}.Debug|ARM.Build.0 = Debug|Any CPU
		{AD0BD44A-D9B5-419C-90D0-B017AEE09C85}.Debug|x64.ActiveCfg = Debug|x64
		{AD0BD44A-D9B5-419C-90D0-B017AEE09C85}.Debug|x64.Build.0 = Debug|x64
		{AD0BD44A-D9B5-419C-90D0-B017AEE09C85}.Debug|x86.ActiveCfg = Debug|x86
		{AD0BD44A-D9B5-419C-90D0-B017AEE09C85}.Debug|x86.Build.0 = Debug|x86
		{AD0BD44A-D9B5-419C-90D0-B017AEE09C85}.Release|Any CPU.ActiveCfg = Release|Any CPU
		{AD0BD44A-D9B5-419C-90D0-B017AEE09C85}.Release|Any CPU.Build.0 = Release|Any CPU
		{AD0BD44A-D9B5-419C-90D0-B017AEE09C85}.Release|ARM.ActiveCfg = Release|Any CPU
		{AD0BD44A-D9B5-419C-90D0-B017AEE09C85}.Release|ARM.Build.0 = Release|Any CPU
		{AD0BD44A-D9B5-419C-90D0-B017AEE09C85}.Release|x64.ActiveCfg = Release|x64
		{AD0BD44A-D9B5-419C-90D0-B017AEE09C85}.Release|x64.Build.0 = Release|x64
		{AD0BD44A-D9B5-419C-90D0-B017AEE09C85}.Release|x86.ActiveCfg = Release|x86
		{AD0BD44A-D9B5-419C-90D0-B017AEE09C85}.Release|x86.Build.0 = Release|x86
		{2954F343-85A7-46F5-A3F3-F106FDD13900}.Debug|Any CPU.ActiveCfg = Debug|Win32
		{2954F343-85A7-46F5-A3F3-F106FDD13900}.Debug|ARM.ActiveCfg = Debug|ARM
		{2954F343-85A7-46F5-A3F3-F106FDD13900}.Debug|ARM.Build.0 = Debug|ARM
		{2954F343-85A7-46F5-A3F3-F106FDD13900}.Debug|x64.ActiveCfg = Debug|x64
		{2954F343-85A7-46F5-A3F3-F106FDD13900}.Debug|x64.Build.0 = Debug|x64
		{2954F343-85A7-46F5-A3F3-F106FDD13900}.Debug|x86.ActiveCfg = Debug|Win32
		{2954F343-85A7-46F5-A3F3-F106FDD13900}.Debug|x86.Build.0 = Debug|Win32
		{2954F343-85A7-46F5-A3F3-F106FDD13900}.Release|Any CPU.ActiveCfg = Release|Win32
		{2954F343-85A7-46F5-A3F3-F106FDD13900}.Release|ARM.ActiveCfg = Release|ARM
		{2954F343-85A7-46F5-A3F3-F106FDD13900}.Release|ARM.Build.0 = Release|ARM
		{2954F343-85A7-46F5-A3F3-F106FDD13900}.Release|x64.ActiveCfg = Release|x64
		{2954F343-85A7-46F5-A3F3-F106FDD13900}.Release|x64.Build.0 = Release|x64
		{2954F343-85A7-46F5-A3F3-F106FDD13900}.Release|x86.ActiveCfg = Release|Win32
		{2954F343-85A7-46F5-A3F3-F106FDD13900}.Release|x86.Build.0 = Release|Win32
	EndGlobalSection
	GlobalSection(SolutionProperties) = preSolution
		HideSolutionNode = FALSE
	EndGlobalSection
	GlobalSection(ExtensibilityGlobals) = postSolution
		SolutionGuid = {5AE8C9D7-2613-4E1A-A4F2-579BAC28D0A2}
	EndGlobalSection
EndGlobal
