<?xml version="1.0" encoding="utf-8"?>
<Project ToolsVersion="4.0" xmlns="http://schemas.microsoft.com/developer/msbuild/2003">
  <ItemGroup>
    <ClCompile Include="main.cpp" />
    <ClCompile Include="pch.cpp" />
  </ItemGroup>
  <ItemGroup>
    <ClInclude Include="code_writers.h" />
    <ClInclude Include="pch.h" />
    <ClInclude Include="settings.h" />
    <ClInclude Include="type_writers.h" />
    <ClInclude Include="helpers.h" />
    <ClInclude Include="text_writer.h" />
    <ClInclude Include="cmd_reader.h" />
    <ClInclude Include="task_group.h" />
  </ItemGroup>
  <ItemGroup>
    <ResourceCompile Include="version.rc" />
  </ItemGroup>
  <ItemGroup>
    <Filter Include="strings">
      <UniqueIdentifier>{22759db3-c622-4dcf-855d-54153084cf6d}</UniqueIdentifier>
    </Filter>
    <Filter Include="strings\additions">
      <UniqueIdentifier>{79a6595f-c96d-41c4-a90f-04033a23c979}</UniqueIdentifier>
    </Filter>
    <Filter Include="strings\additions\Windows.Foundation">
      <UniqueIdentifier>{4f770820-72c5-46d5-9944-7d76ca1fe60b}</UniqueIdentifier>
    </Filter>
    <Filter Include="strings\additions\Microsoft.UI.Xaml">
      <UniqueIdentifier>{8626e8bc-727e-4c4d-a7fa-fe90c02b3090}</UniqueIdentifier>
    </Filter>
    <Filter Include="strings\additions\Windows.Storage.Streams">
      <UniqueIdentifier>{4035db1f-9a59-42da-84a0-e3c3227fe586}</UniqueIdentifier>
    </Filter>
    <Filter Include="strings\additions\Windows.Storage">
      <UniqueIdentifier>{d939d5a3-d5f9-4802-a8f8-3c5ce8b3a07e}</UniqueIdentifier>
    </Filter>
    <Filter Include="strings\additions\Windows.UI">
      <UniqueIdentifier>{8e05f8fe-6311-4726-998b-5cbe19398698}</UniqueIdentifier>
    </Filter>
    <Filter Include="strings\additions\Microsoft.UI.Xaml.Media">
      <UniqueIdentifier>{b683f592-740c-4868-8ab3-67e3d7044588}</UniqueIdentifier>
    </Filter>
    <Filter Include="strings\additions\Microsoft.UI.Xaml.Media.Animation">
      <UniqueIdentifier>{e3fd55b6-0467-4d57-ba01-e2caa59dd767}</UniqueIdentifier>
    </Filter>
    <Filter Include="strings\additions\Microsoft.UI.Xaml.Media.Media3D">
      <UniqueIdentifier>{335b6163-2c84-4616-944e-c45b4ffeaed3}</UniqueIdentifier>
    </Filter>
    <Filter Include="strings\additions\Microsoft.UI.Xaml.Controls.Primitives">
      <UniqueIdentifier>{369a6d8a-43e6-48af-82c1-bb2e555909a4}</UniqueIdentifier>
    </Filter>
    <Filter Include="strings\additions\Windows.UI.Xaml.Controls.Primitives">
      <UniqueIdentifier>{22aeef74-f4df-40f4-a18f-8053ac54f966}</UniqueIdentifier>
    </Filter>
    <Filter Include="strings\additions\Windows.UI.Xaml.Media.Animation">
      <UniqueIdentifier>{bb545b29-ba72-4949-b044-790f57ba17a5}</UniqueIdentifier>
    </Filter>
    <Filter Include="strings\additions\Windows.UI.Xaml.Media.Media3D">
      <UniqueIdentifier>{8451fa83-9750-4aec-ae8c-a4149c4b98a6}</UniqueIdentifier>
    </Filter>
    <Filter Include="strings\additions\Windows.UI.Xaml.Media">
      <UniqueIdentifier>{98453be9-888b-4032-b5cd-4034b17197c9}</UniqueIdentifier>
    </Filter>
    <Filter Include="strings\additions\Windows.UI.Xaml">
      <UniqueIdentifier>{03980bb6-f657-4c07-a456-5b4774de5773}</UniqueIdentifier>
    </Filter>
  </ItemGroup>
  <ItemGroup>
    <None Include="packages.config" />
    <None Include="strings\additions\Windows.Foundation\Windows.Foundation.cs">
      <Filter>strings\additions\Windows.Foundation</Filter>
    </None>
    <None Include="strings\additions\Microsoft.UI.Xaml\Microsoft.UI.Xaml.cs">
      <Filter>strings\additions\Microsoft.UI.Xaml</Filter>
    </None>
    <None Include="strings\additions\Windows.Storage.Streams\NetFxToWinRtStreamAdapter.cs">
      <Filter>strings\additions\Windows.Storage.Streams</Filter>
    </None>
    <None Include="strings\additions\Windows.Storage.Streams\StreamOperationAsyncResult.cs">
      <Filter>strings\additions\Windows.Storage.Streams</Filter>
    </None>
    <None Include="strings\additions\Windows.Storage.Streams\StreamOperationsImplementation.cs">
      <Filter>strings\additions\Windows.Storage.Streams</Filter>
    </None>
    <None Include="strings\additions\Windows.Storage.Streams\WindowsRuntimeStreamExtensions.cs">
      <Filter>strings\additions\Windows.Storage.Streams</Filter>
    </None>
    <None Include="strings\additions\Windows.Storage.Streams\WinRtIOHelper.cs">
      <Filter>strings\additions\Windows.Storage.Streams</Filter>
    </None>
    <None Include="strings\additions\Windows.Storage.Streams\WinRtToNetFxStreamAdapter.cs">
      <Filter>strings\additions\Windows.Storage.Streams</Filter>
    </None>
    <None Include="strings\additions\Windows.Storage.Streams\WindowsRuntimeBuffer.cs">
      <Filter>strings\additions\Windows.Storage.Streams</Filter>
    </None>
    <None Include="strings\additions\Windows.Storage.Streams\WindowsRuntimeBufferExtensions.cs">
      <Filter>strings\additions\Windows.Storage.Streams</Filter>
    </None>
    <None Include="strings\additions\Windows.Storage.Streams\IMarshal.cs">
      <Filter>strings\additions\Windows.Storage.Streams</Filter>
    </None>
    <None Include="strings\additions\Windows.Storage.Streams\IBufferByteAccess.cs">
      <Filter>strings\additions\Windows.Storage.Streams</Filter>
    </None>
    <None Include="strings\additions\Windows.Storage\HANDLE_ACCESS_OPTIONS.cs">
      <Filter>strings\additions\Windows.Storage</Filter>
    </None>
    <None Include="strings\additions\Windows.Storage\HANDLE_CREATION_OPTIONS.cs">
      <Filter>strings\additions\Windows.Storage</Filter>
    </None>
    <None Include="strings\additions\Windows.Storage\HANDLE_OPTIONS.cs">
      <Filter>strings\additions\Windows.Storage</Filter>
    </None>
    <None Include="strings\additions\Windows.Storage\HANDLE_SHARING_OPTION.cs">
      <Filter>strings\additions\Windows.Storage</Filter>
    </None>
    <None Include="strings\additions\Windows.Storage\IStorageFolderHandleAccess.cs">
      <Filter>strings\additions\Windows.Storage</Filter>
    </None>
    <None Include="strings\additions\Windows.Storage\IStorageItemHandleAccess.cs">
      <Filter>strings\additions\Windows.Storage</Filter>
    </None>
    <None Include="strings\additions\Windows.Storage\WindowsRuntimeStorageExtensions.cs">
      <Filter>strings\additions\Windows.Storage</Filter>
    </None>
    <None Include="strings\additions\Windows.Storage.Streams\Windows.Storage.Streams.SR.cs">
      <Filter>strings\additions\Windows.Storage.Streams</Filter>
    </None>
    <None Include="strings\additions\Windows.Storage\Windows.Storage.SR.cs">
      <Filter>strings\additions\Windows.Storage</Filter>
    </None>
    <None Include="strings\additions\Windows.Foundation\AsyncInfo.cs">
      <Filter>strings\additions\Windows.Foundation</Filter>
    </None>
    <None Include="strings\additions\Windows.Foundation\AsyncInfoIdGenerator.cs">
      <Filter>strings\additions\Windows.Foundation</Filter>
    </None>
    <None Include="strings\additions\Windows.Foundation\ExceptionDispatchHelper.cs">
      <Filter>strings\additions\Windows.Foundation</Filter>
    </None>
    <None Include="strings\additions\Windows.Foundation\TaskToAsyncActionAdapter.cs">
      <Filter>strings\additions\Windows.Foundation</Filter>
    </None>
    <None Include="strings\additions\Windows.Foundation\TaskToAsyncActionWithProgressAdapter.cs">
      <Filter>strings\additions\Windows.Foundation</Filter>
    </None>
    <None Include="strings\additions\Windows.Foundation\TaskToAsyncInfoAdapter.cs">
      <Filter>strings\additions\Windows.Foundation</Filter>
    </None>
    <None Include="strings\additions\Windows.Foundation\TaskToAsyncOperationAdapter.cs">
      <Filter>strings\additions\Windows.Foundation</Filter>
    </None>
    <None Include="strings\additions\Windows.Foundation\TaskToAsyncOperationWithProgressAdapter.cs">
      <Filter>strings\additions\Windows.Foundation</Filter>
    </None>
    <None Include="strings\additions\Windows.Foundation\Windows.Foundation.SR.cs">
      <Filter>strings\additions\Windows.Foundation</Filter>
    </None>
    <None Include="strings\additions\Windows.UI\Windows.UI.cs">
      <Filter>strings\additions\Windows.UI</Filter>
    </None>
    <None Include="strings\additions\Microsoft.UI.Xaml.Media.Media3D\Microsoft.UI.Xaml.Media.Media3D.cs">
      <Filter>strings\additions\Microsoft.UI.Xaml.Media.Media3D</Filter>
    </None>
    <None Include="strings\additions\Microsoft.UI.Xaml.Media.Animation\Microsoft.UI.Xaml.Media.Animation.cs">
      <Filter>strings\additions\Microsoft.UI.Xaml.Media.Animation</Filter>
    </None>
    <None Include="strings\additions\Microsoft.UI.Xaml.Media\Microsoft.UI.Xaml.Media.cs">
      <Filter>strings\additions\Microsoft.UI.Xaml.Media</Filter>
    </None>
    <None Include="strings\additions\Microsoft.UI.Xaml.Controls.Primitives\Microsoft.UI.Xaml.Controls.Primitives.cs">
      <Filter>strings\additions\Microsoft.UI.Xaml.Controls.Primitives</Filter>
    </None>
    <None Include="strings\additions\Microsoft.UI.Xaml\Microsoft.UI.Xaml.SR.cs">
      <Filter>strings\additions\Microsoft.UI.Xaml</Filter>
    </None>
    <None Include="Directory.Build.targets" />
    <None Include="PreviousPlatforms.linq" />
    <None Include="Directory.Build.props" />
    <None Include="strings\ComInteropHelpers.cs">
      <Filter>strings</Filter>
    </None>
    <None Include="strings\additions\Windows.Foundation\ITaskAwareAsyncInfo.cs">
      <Filter>strings\additions\Windows.Foundation</Filter>
    </None>
    <None Include="strings\additions\Windows.Storage.Streams\WindowsRuntimeMarshal.cs">
      <Filter>strings\additions\Windows.Storage.Streams</Filter>
    </None>
    <None Include="strings\additions\Windows.Storage.Streams\StreamTaskAdaptersImplementation.cs">
      <Filter>strings\additions\Windows.Storage.Streams</Filter>
    </None>
    <None Include="strings\InspectableVftbl.cs">
      <Filter>strings</Filter>
    </None>
  </ItemGroup>
  <ItemGroup>
    <Midl Include="WinRT.Interop.idl" />
  </ItemGroup>
</Project>