<?xml version="1.0" encoding="utf-8"?>
<Project ToolsVersion="15.0" xmlns="http://schemas.microsoft.com/developer/msbuild/2003">
  <ItemGroup>
    <Filter Include="Resources">
      <UniqueIdentifier>accd3aa8-1ba0-4223-9bbe-0c431709210b</UniqueIdentifier>
      <Extensions>rc;ico;cur;bmp;dlg;rc2;rct;bin;rgs;gif;jpg;jpeg;jpe;resx;tga;tiff;tif;png;wav;mfcribbon-ms</Extensions>
    </Filter>
  </ItemGroup>
  <ItemGroup>
    <ClCompile Include="pch.cpp" />
    <ClCompile Include="Class.cpp" />
    <ClCompile Include="NonAgileClass.cpp" />
    <ClCompile Include="$(GeneratedFilesDir)module.g.cpp" />
    <ClCompile Include="ComImports.cpp" />
    <ClCompile Include="ManualProjectionTestClasses.cpp" />
    <ClCompile Include="WarningClass.cpp" />
    <ClCompile Include="WarningStatic.cpp" />
    <ClCompile Include="Singleton.cpp" />
    <ClCompile Include="Windows.Class.cpp" />
    <ClCompile Include="ABCDEFGHIJKLMNOPQRSTUVQXYZabcdefghijklmnopqrstuvqxyzABCDEFGHIJKLMNOPQRSTUVQXYZabcdefghijklmnopqrstuvqxyzABCDEFGHIJKLMNOPQRSTUVWXYZabcdefghijklmnopqrstuvwxyz.cpp" />
    <ClCompile Include="AnotherAssembly.SetPropertyClass.cpp" />
    <ClCompile Include="CustomEquals.cpp" />
    <ClCompile Include="CustomExperimentClass.cpp" />
    <ClCompile Include="WinRT.Class.cpp" />
    <ClCompile Include="ClassWithExplicitIUnknown.cpp" />
    <ClCompile Include="NonUniqueClass.cpp" />
    <ClCompile Include="CustomIterableTest.cpp" />
    <ClCompile Include="CastMetadata.cpp" />
  </ItemGroup>
  <ItemGroup>
    <ClInclude Include="pch.h" />
    <ClInclude Include="NonAgileClass.h" />
    <ClInclude Include="ComImports.h" />
    <ClInclude Include="ManualProjectionTestClasses.h" />
    <ClInclude Include="WarningStatic.h" />
    <ClInclude Include="WarningClass.h" />
    <ClInclude Include="Singleton.h" />
    <ClInclude Include="Windows.Class.h" />
    <ClInclude Include="ABCDEFGHIJKLMNOPQRSTUVQXYZabcdefghijklmnopqrstuvqxyzABCDEFGHIJKLMNOPQRSTUVQXYZabcdefghijklmnopqrstuvqxyzABCDEFGHIJKLMNOPQRSTUVWXYZabcdefghijklmnopqrstuvwxyz.h" />
    <ClInclude Include="AnotherAssembly.SetPropertyClass.h" />
    <ClInclude Include="CustomEquals.h" />
    <ClInclude Include="CustomExperimentClass.h" />
    <ClInclude Include="WinRT.Class.h" />
    <ClInclude Include="ClassWithExplicitIUnknown.h" />
    <ClInclude Include="NonUniqueClass.h" />
    <ClInclude Include="CustomIterableTest.h" />
    <ClInclude Include="CastMetadata.h" />
  </ItemGroup>
  <ItemGroup>
    <Midl Include="TestComponentCSharp.idl" />
  </ItemGroup>
  <ItemGroup>
    <None Include="TestComponentCSharp.def" />
    <None Include="packages.config" />
    <None Include="Directory.Build.props" />
  </ItemGroup>
</Project>