Microsoft Visual Studio Solution File, Format Version 12.00
# Visual Studio Version 17
VisualStudioVersion = 17.3.32825.248
MinimumVisualStudioVersion = 10.0.40219.1
Project("{8BC9CEB8-8B4A-11D0-8D11-00A0C91BC942}") = "cswinrt", "cswinrt\cswinrt.vcxproj", "{6ACFD2B2-E8AA-4CD4-AAD8-213CE8BB2637}"
	ProjectSection(ProjectDependencies) = postProject
		{25244CED-966E-45F2-9711-1F51E951FF89} = {25244CED-966E-45F2-9711-1F51E951FF89}
	EndProjectSection
EndProject
Project("{2150E333-8FDC-42A3-9474-1A3956D46DE8}") = "Files", "Files", "{96495AB4-2D86-47D1-A174-27D0B436DC98}"
	ProjectSection(SolutionItems) = preProject
		.gitignore = .gitignore
		build.cmd = build.cmd
		Directory.Build.props = Directory.Build.props
		Directory.Build.targets = Directory.Build.targets
		cswinrt\PreviousPlatforms.linq = cswinrt\PreviousPlatforms.linq
		README.md = README.md
		Strings.props = Strings.props
	EndProjectSection
EndProject
Project("{9A19103F-16F7-4668-BE54-9A1E7A4F7556}") = "WinRT.Runtime", "WinRT.Runtime\WinRT.Runtime.csproj", "{25244CED-966E-45F2-9711-1F51E951FF89}"
	ProjectSection(ProjectDependencies) = postProject
		{AE3B0611-2FBB-42AB-A245-B4E79868A5F9} = {AE3B0611-2FBB-42AB-A245-B4E79868A5F9}
	EndProjectSection
EndProject
Project("{2150E333-8FDC-42A3-9474-1A3956D46DE8}") = "Nuget", "Nuget", "{967889B0-4C40-4EA2-8F11-26ECB88205FF}"
	ProjectSection(SolutionItems) = preProject
		..\nuget\LICENSE = ..\nuget\LICENSE
		..\nuget\Microsoft.Windows.CsWinRT.Authoring.targets = ..\nuget\Microsoft.Windows.CsWinRT.Authoring.targets
		..\nuget\Microsoft.Windows.CsWinRT.Authoring.Transitive.targets = ..\nuget\Microsoft.Windows.CsWinRT.Authoring.Transitive.targets
		..\nuget\Microsoft.Windows.CsWinRT.Embedded.targets = ..\nuget\Microsoft.Windows.CsWinRT.Embedded.targets
		..\nuget\Microsoft.Windows.CsWinRT.IIDOptimizer.targets = ..\nuget\Microsoft.Windows.CsWinRT.IIDOptimizer.targets
		..\nuget\Microsoft.Windows.CsWinRT.nuspec = ..\nuget\Microsoft.Windows.CsWinRT.nuspec
		..\nuget\Dongle.Windows.CsWinRT.props = ..\nuget\Dongle.Windows.CsWinRT.props
		..\nuget\Dongle.Windows.CsWinRT.targets = ..\nuget\Dongle.Windows.CsWinRT.targets
		..\nuget\readme.md = ..\nuget\readme.md
		..\nuget\readme.txt = ..\nuget\readme.txt
		..\nuget\SignConfig.xml = ..\nuget\SignConfig.xml
	EndProjectSection
EndProject
Project("{8BC9CEB8-8B4A-11D0-8D11-00A0C91BC942}") = "WinRT.Host", "Authoring\WinRT.Host\WinRT.Host.vcxproj", "{7E33BCB7-19C5-4061-981D-BA695322708A}"
EndProject
Project("{9A19103F-16F7-4668-BE54-9A1E7A4F7556}") = "WinRT.Host.Shim", "Authoring\WinRT.Host.Shim\WinRT.Host.Shim.csproj", "{0BB8F82D-874E-45AA-BCA3-20CE0562164A}"
EndProject
Project("{9A19103F-16F7-4668-BE54-9A1E7A4F7556}") = "WinRT.SourceGenerator", "Authoring\WinRT.SourceGenerator\WinRT.SourceGenerator.csproj", "{E0C26D3A-504A-4826-BAE2-DE775F865B2A}"
EndProject
Project("{2150E333-8FDC-42A3-9474-1A3956D46DE8}") = "Authoring", "Authoring", "{DA5AE0BA-E43D-4282-BC80-807DDE0C22C0}"
EndProject
Project("{2150E333-8FDC-42A3-9474-1A3956D46DE8}") = "Perf", "Perf", "{539DBDEF-3B49-4503-9BD3-7EB83C2179CB}"
EndProject
Project("{9A19103F-16F7-4668-BE54-9A1E7A4F7556}") = "IIDOptimizer", "Perf\IIDOptimizer\IIDOptimizer.csproj", "{AE3B0611-2FBB-42AB-A245-B4E79868A5F9}"
EndProject
Project("{9A19103F-16F7-4668-BE54-9A1E7A4F7556}") = "CsWinMD", "Authoring\CsWinMD\CsWinMD.csproj", "{B63DC238-AF5B-4790-B038-4F5ABE09F963}"
EndProject
Global
	GlobalSection(SolutionConfigurationPlatforms) = preSolution
		Debug|ARM = Debug|ARM
		Debug|ARM64 = Debug|ARM64
		Debug|x64 = Debug|x64
		Debug|x86 = Debug|x86
		Release|ARM = Release|ARM
		Release|ARM64 = Release|ARM64
		Release|x64 = Release|x64
		Release|x86 = Release|x86
	EndGlobalSection
	GlobalSection(ProjectConfigurationPlatforms) = postSolution
		{6ACFD2B2-E8AA-4CD4-AAD8-213CE8BB2637}.Debug|ARM.ActiveCfg = Debug|Win32
		{6ACFD2B2-E8AA-4CD4-AAD8-213CE8BB2637}.Debug|ARM64.ActiveCfg = Debug|Win32
		{6ACFD2B2-E8AA-4CD4-AAD8-213CE8BB2637}.Debug|ARM64.Build.0 = Debug|Win32
		{6ACFD2B2-E8AA-4CD4-AAD8-213CE8BB2637}.Debug|x64.ActiveCfg = Debug|x64
		{6ACFD2B2-E8AA-4CD4-AAD8-213CE8BB2637}.Debug|x64.Build.0 = Debug|x64
		{6ACFD2B2-E8AA-4CD4-AAD8-213CE8BB2637}.Debug|x86.ActiveCfg = Debug|Win32
		{6ACFD2B2-E8AA-4CD4-AAD8-213CE8BB2637}.Debug|x86.Build.0 = Debug|Win32
		{6ACFD2B2-E8AA-4CD4-AAD8-213CE8BB2637}.Release|ARM.ActiveCfg = Release|Win32
		{6ACFD2B2-E8AA-4CD4-AAD8-213CE8BB2637}.Release|ARM64.ActiveCfg = Release|Win32
		{6ACFD2B2-E8AA-4CD4-AAD8-213CE8BB2637}.Release|ARM64.Build.0 = Release|Win32
		{6ACFD2B2-E8AA-4CD4-AAD8-213CE8BB2637}.Release|x64.ActiveCfg = Release|x64
		{6ACFD2B2-E8AA-4CD4-AAD8-213CE8BB2637}.Release|x64.Build.0 = Release|x64
		{6ACFD2B2-E8AA-4CD4-AAD8-213CE8BB2637}.Release|x86.ActiveCfg = Release|Win32
		{6ACFD2B2-E8AA-4CD4-AAD8-213CE8BB2637}.Release|x86.Build.0 = Release|Win32
		{25244CED-966E-45F2-9711-1F51E951FF89}.Debug|ARM.ActiveCfg = Debug|Any CPU
		{25244CED-966E-45F2-9711-1F51E951FF89}.Debug|ARM.Build.0 = Debug|Any CPU
		{25244CED-966E-45F2-9711-1F51E951FF89}.Debug|ARM64.ActiveCfg = Debug|Any CPU
		{25244CED-966E-45F2-9711-1F51E951FF89}.Debug|ARM64.Build.0 = Debug|Any CPU
		{25244CED-966E-45F2-9711-1F51E951FF89}.Debug|x64.ActiveCfg = Debug|Any CPU
		{25244CED-966E-45F2-9711-1F51E951FF89}.Debug|x64.Build.0 = Debug|Any CPU
		{25244CED-966E-45F2-9711-1F51E951FF89}.Debug|x86.ActiveCfg = Debug|Any CPU
		{25244CED-966E-45F2-9711-1F51E951FF89}.Debug|x86.Build.0 = Debug|Any CPU
		{25244CED-966E-45F2-9711-1F51E951FF89}.Release|ARM.ActiveCfg = Release|Any CPU
		{25244CED-966E-45F2-9711-1F51E951FF89}.Release|ARM.Build.0 = Release|Any CPU
		{25244CED-966E-45F2-9711-1F51E951FF89}.Release|ARM64.ActiveCfg = Release|Any CPU
		{25244CED-966E-45F2-9711-1F51E951FF89}.Release|ARM64.Build.0 = Release|Any CPU
		{25244CED-966E-45F2-9711-1F51E951FF89}.Release|x64.ActiveCfg = Release|Any CPU
		{25244CED-966E-45F2-9711-1F51E951FF89}.Release|x64.Build.0 = Release|Any CPU
		{25244CED-966E-45F2-9711-1F51E951FF89}.Release|x86.ActiveCfg = Release|Any CPU
		{25244CED-966E-45F2-9711-1F51E951FF89}.Release|x86.Build.0 = Release|Any CPU
		{7E33BCB7-19C5-4061-981D-BA695322708A}.Debug|ARM.ActiveCfg = Debug|Win32
		{7E33BCB7-19C5-4061-981D-BA695322708A}.Debug|ARM64.ActiveCfg = Debug|ARM64
		{7E33BCB7-19C5-4061-981D-BA695322708A}.Debug|ARM64.Build.0 = Debug|ARM64
		{7E33BCB7-19C5-4061-981D-BA695322708A}.Debug|x64.ActiveCfg = Debug|x64
		{7E33BCB7-19C5-4061-981D-BA695322708A}.Debug|x64.Build.0 = Debug|x64
		{7E33BCB7-19C5-4061-981D-BA695322708A}.Debug|x86.ActiveCfg = Debug|Win32
		{7E33BCB7-19C5-4061-981D-BA695322708A}.Debug|x86.Build.0 = Debug|Win32
		{7E33BCB7-19C5-4061-981D-BA695322708A}.Release|ARM.ActiveCfg = Release|Win32
		{7E33BCB7-19C5-4061-981D-BA695322708A}.Release|ARM64.ActiveCfg = Release|ARM64
		{7E33BCB7-19C5-4061-981D-BA695322708A}.Release|ARM64.Build.0 = Release|ARM64
		{7E33BCB7-19C5-4061-981D-BA695322708A}.Release|x64.ActiveCfg = Release|x64
		{7E33BCB7-19C5-4061-981D-BA695322708A}.Release|x64.Build.0 = Release|x64
		{7E33BCB7-19C5-4061-981D-BA695322708A}.Release|x86.ActiveCfg = Release|Win32
		{7E33BCB7-19C5-4061-981D-BA695322708A}.Release|x86.Build.0 = Release|Win32
		{0BB8F82D-874E-45AA-BCA3-20CE0562164A}.Debug|ARM.ActiveCfg = Debug|Any CPU
		{0BB8F82D-874E-45AA-BCA3-20CE0562164A}.Debug|ARM.Build.0 = Debug|Any CPU
		{0BB8F82D-874E-45AA-BCA3-20CE0562164A}.Debug|ARM64.ActiveCfg = Debug|Any CPU
		{0BB8F82D-874E-45AA-BCA3-20CE0562164A}.Debug|ARM64.Build.0 = Debug|Any CPU
		{0BB8F82D-874E-45AA-BCA3-20CE0562164A}.Debug|x64.ActiveCfg = Debug|Any CPU
		{0BB8F82D-874E-45AA-BCA3-20CE0562164A}.Debug|x64.Build.0 = Debug|Any CPU
		{0BB8F82D-874E-45AA-BCA3-20CE0562164A}.Debug|x86.ActiveCfg = Debug|Any CPU
		{0BB8F82D-874E-45AA-BCA3-20CE0562164A}.Debug|x86.Build.0 = Debug|Any CPU
		{0BB8F82D-874E-45AA-BCA3-20CE0562164A}.Release|ARM.ActiveCfg = Release|Any CPU
		{0BB8F82D-874E-45AA-BCA3-20CE0562164A}.Release|ARM.Build.0 = Release|Any CPU
		{0BB8F82D-874E-45AA-BCA3-20CE0562164A}.Release|ARM64.ActiveCfg = Release|Any CPU
		{0BB8F82D-874E-45AA-BCA3-20CE0562164A}.Release|ARM64.Build.0 = Release|Any CPU
		{0BB8F82D-874E-45AA-BCA3-20CE0562164A}.Release|x64.ActiveCfg = Release|Any CPU
		{0BB8F82D-874E-45AA-BCA3-20CE0562164A}.Release|x64.Build.0 = Release|Any CPU
		{0BB8F82D-874E-45AA-BCA3-20CE0562164A}.Release|x86.ActiveCfg = Release|Any CPU
		{0BB8F82D-874E-45AA-BCA3-20CE0562164A}.Release|x86.Build.0 = Release|Any CPU
		{E0C26D3A-504A-4826-BAE2-DE775F865B2A}.Debug|ARM.ActiveCfg = Debug|Any CPU
		{E0C26D3A-504A-4826-BAE2-DE775F865B2A}.Debug|ARM.Build.0 = Debug|Any CPU
		{E0C26D3A-504A-4826-BAE2-DE775F865B2A}.Debug|ARM64.ActiveCfg = Debug|Any CPU
		{E0C26D3A-504A-4826-BAE2-DE775F865B2A}.Debug|ARM64.Build.0 = Debug|Any CPU
		{E0C26D3A-504A-4826-BAE2-DE775F865B2A}.Debug|x64.ActiveCfg = Debug|Any CPU
		{E0C26D3A-504A-4826-BAE2-DE775F865B2A}.Debug|x64.Build.0 = Debug|Any CPU
		{E0C26D3A-504A-4826-BAE2-DE775F865B2A}.Debug|x86.ActiveCfg = Debug|Any CPU
		{E0C26D3A-504A-4826-BAE2-DE775F865B2A}.Debug|x86.Build.0 = Debug|Any CPU
		{E0C26D3A-504A-4826-BAE2-DE775F865B2A}.Release|ARM.ActiveCfg = Release|Any CPU
		{E0C26D3A-504A-4826-BAE2-DE775F865B2A}.Release|ARM.Build.0 = Release|Any CPU
		{E0C26D3A-504A-4826-BAE2-DE775F865B2A}.Release|ARM64.ActiveCfg = Release|Any CPU
		{E0C26D3A-504A-4826-BAE2-DE775F865B2A}.Release|ARM64.Build.0 = Release|Any CPU
		{E0C26D3A-504A-4826-BAE2-DE775F865B2A}.Release|x64.ActiveCfg = Release|Any CPU
		{E0C26D3A-504A-4826-BAE2-DE775F865B2A}.Release|x64.Build.0 = Release|Any CPU
		{E0C26D3A-504A-4826-BAE2-DE775F865B2A}.Release|x86.ActiveCfg = Release|Any CPU
		{E0C26D3A-504A-4826-BAE2-DE775F865B2A}.Release|x86.Build.0 = Release|Any CPU
		{AE3B0611-2FBB-42AB-A245-B4E79868A5F9}.Debug|ARM.ActiveCfg = Debug|Any CPU
		{AE3B0611-2FBB-42AB-A245-B4E79868A5F9}.Debug|ARM.Build.0 = Debug|Any CPU
		{AE3B0611-2FBB-42AB-A245-B4E79868A5F9}.Debug|ARM64.ActiveCfg = Debug|Any CPU
		{AE3B0611-2FBB-42AB-A245-B4E79868A5F9}.Debug|x64.ActiveCfg = Debug|Any CPU
		{AE3B0611-2FBB-42AB-A245-B4E79868A5F9}.Debug|x64.Build.0 = Debug|Any CPU
		{AE3B0611-2FBB-42AB-A245-B4E79868A5F9}.Debug|x86.ActiveCfg = Debug|Any CPU
		{AE3B0611-2FBB-42AB-A245-B4E79868A5F9}.Debug|x86.Build.0 = Debug|Any CPU
		{AE3B0611-2FBB-42AB-A245-B4E79868A5F9}.Release|ARM.ActiveCfg = Release|Any CPU
		{AE3B0611-2FBB-42AB-A245-B4E79868A5F9}.Release|ARM.Build.0 = Release|Any CPU
		{AE3B0611-2FBB-42AB-A245-B4E79868A5F9}.Release|ARM64.ActiveCfg = Release|Any CPU
		{AE3B0611-2FBB-42AB-A245-B4E79868A5F9}.Release|x64.ActiveCfg = Release|Any CPU
		{AE3B0611-2FBB-42AB-A245-B4E79868A5F9}.Release|x64.Build.0 = Release|Any CPU
		{AE3B0611-2FBB-42AB-A245-B4E79868A5F9}.Release|x86.ActiveCfg = Release|Any CPU
		{AE3B0611-2FBB-42AB-A245-B4E79868A5F9}.Release|x86.Build.0 = Release|Any CPU
		{B63DC238-AF5B-4790-B038-4F5ABE09F963}.Debug|ARM.ActiveCfg = Debug|Any CPU
		{B63DC238-AF5B-4790-B038-4F5ABE09F963}.Debug|ARM.Build.0 = Debug|Any CPU
		{B63DC238-AF5B-4790-B038-4F5ABE09F963}.Debug|ARM64.ActiveCfg = Debug|Any CPU
		{B63DC238-AF5B-4790-B038-4F5ABE09F963}.Debug|ARM64.Build.0 = Debug|Any CPU
		{B63DC238-AF5B-4790-B038-4F5ABE09F963}.Debug|x64.ActiveCfg = Debug|Any CPU
		{B63DC238-AF5B-4790-B038-4F5ABE09F963}.Debug|x64.Build.0 = Debug|Any CPU
		{B63DC238-AF5B-4790-B038-4F5ABE09F963}.Debug|x86.ActiveCfg = Debug|Any CPU
		{B63DC238-AF5B-4790-B038-4F5ABE09F963}.Debug|x86.Build.0 = Debug|Any CPU
		{B63DC238-AF5B-4790-B038-4F5ABE09F963}.Release|ARM.ActiveCfg = Release|Any CPU
		{B63DC238-AF5B-4790-B038-4F5ABE09F963}.Release|ARM.Build.0 = Release|Any CPU
		{B63DC238-AF5B-4790-B038-4F5ABE09F963}.Release|ARM64.ActiveCfg = Release|Any CPU
		{B63DC238-AF5B-4790-B038-4F5ABE09F963}.Release|ARM64.Build.0 = Release|Any CPU
		{B63DC238-AF5B-4790-B038-4F5ABE09F963}.Release|x64.ActiveCfg = Release|Any CPU
		{B63DC238-AF5B-4790-B038-4F5ABE09F963}.Release|x64.Build.0 = Release|Any CPU
		{B63DC238-AF5B-4790-B038-4F5ABE09F963}.Release|x86.ActiveCfg = Release|Any CPU
		{B63DC238-AF5B-4790-B038-4F5ABE09F963}.Release|x86.Build.0 = Release|Any CPU
	EndGlobalSection
	GlobalSection(SolutionProperties) = preSolution
		HideSolutionNode = FALSE
	EndGlobalSection
	GlobalSection(NestedProjects) = preSolution
		{7E33BCB7-19C5-4061-981D-BA695322708A} = {DA5AE0BA-E43D-4282-BC80-807DDE0C22C0}
		{0BB8F82D-874E-45AA-BCA3-20CE0562164A} = {DA5AE0BA-E43D-4282-BC80-807DDE0C22C0}
		{E0C26D3A-504A-4826-BAE2-DE775F865B2A} = {DA5AE0BA-E43D-4282-BC80-807DDE0C22C0}
		{AE3B0611-2FBB-42AB-A245-B4E79868A5F9} = {539DBDEF-3B49-4503-9BD3-7EB83C2179CB}
		{B63DC238-AF5B-4790-B038-4F5ABE09F963} = {DA5AE0BA-E43D-4282-BC80-807DDE0C22C0}
	EndGlobalSection
	GlobalSection(ExtensibilityGlobals) = postSolution
		SolutionGuid = {5AE8C9D7-2613-4E1A-A4F2-579BAC28D0A2}
	EndGlobalSection
EndGlobal
